
Microsoft Visual Studio Solution File, Format Version 12.00
Project("{FAE04EC0-301F-11D3-BF4B-00C04F79EFBC}") = "POOF_00081511", "POOF_00081511.csproj", "{4BBFA7DB-1BB2-4E86-8316-03BC10934CCE}"
EndProject
Global
	GlobalSection(SolutionConfigurationPlatforms) = preSolution
		Debug|Any CPU = Debug|Any CPU
		Release|Any CPU = Release|Any CPU
	EndGlobalSection
	GlobalSection(ProjectConfigurationPlatforms) = postSolution
		{4BBFA7DB-1BB2-4E86-8316-03BC10934CCE}.Debug|Any CPU.ActiveCfg = Debug|Any CPU
		{4BBFA7DB-1BB2-4E86-8316-03BC10934CCE}.Debug|Any CPU.Build.0 = Debug|Any CPU
		{4BBFA7DB-1BB2-4E86-8316-03BC10934CCE}.Release|Any CPU.ActiveCfg = Release|Any CPU
		{4BBFA7DB-1BB2-4E86-8316-03BC10934CCE}.Release|Any CPU.Build.0 = Release|Any CPU
	EndGlobalSection
EndGlobal
